
Microsoft Visual Studio Solution File, Format Version 12.00
# Visual Studio 15
VisualStudioVersion = 15.0.28307.489
MinimumVisualStudioVersion = 10.0.40219.1
Project("{FAE04EC0-301F-11D3-BF4B-00C04F79EFBC}") = "TP-DURE-BACQUE", "TP-DURE-BACQUE\TP-DURE-BACQUE.csproj", "{CCEDFA10-521E-470E-9011-553C8B88F327}"
EndProject
Global
	GlobalSection(SolutionConfigurationPlatforms) = preSolution
		Debug|Any CPU = Debug|Any CPU
		Release|Any CPU = Release|Any CPU
	EndGlobalSection
	GlobalSection(ProjectConfigurationPlatforms) = postSolution
		{CCEDFA10-521E-470E-9011-553C8B88F327}.Debug|Any CPU.ActiveCfg = Debug|Any CPU
		{CCEDFA10-521E-470E-9011-553C8B88F327}.Debug|Any CPU.Build.0 = Debug|Any CPU
		{CCEDFA10-521E-470E-9011-553C8B88F327}.Release|Any CPU.ActiveCfg = Release|Any CPU
		{CCEDFA10-521E-470E-9011-553C8B88F327}.Release|Any CPU.Build.0 = Release|Any CPU
	EndGlobalSection
	GlobalSection(SolutionProperties) = preSolution
		HideSolutionNode = FALSE
	EndGlobalSection
	GlobalSection(ExtensibilityGlobals) = postSolution
		SolutionGuid = {27FDE4C0-2C2F-4A38-B735-176E3C170947}
	EndGlobalSection
EndGlobal
